{
  "name": "slides",
  "lockfileVersion": 2,
  "requires": true,
  "packages": {
    "": {
      "dependencies": {
        "@shower/core": "^3.2.0",
        "@shower/ribbon": "^3.4.3"
      }
    },
    "node_modules/@shower/core": {
      "version": "3.2.0",
      "resolved": "https://registry.npmjs.org/@shower/core/-/core-3.2.0.tgz",
      "integrity": "sha512-mmhOsC2Dphq+J18nJpkARPOZ3bpVMtv8Q+FKqFhvoGLgbelCgeb7/zM7HS4HAzsK5HGXqFA0t4QYFbqCCOc7Tw=="
    },
    "node_modules/@shower/ribbon": {
      "version": "3.4.3",
      "resolved": "https://registry.npmjs.org/@shower/ribbon/-/ribbon-3.4.3.tgz",
      "integrity": "sha512-LE+s/i8xlI2Ek7aRNMXxEnWAro7lCC6lDAC6GJKrBRd9IayU6wGpGQDAUwKHDmCY0o4c5AqKE7UliQW0iMPhGw=="
    }
  },
  "dependencies": {
    "@shower/core": {
      "version": "3.2.0",
      "resolved": "https://registry.npmjs.org/@shower/core/-/core-3.2.0.tgz",
      "integrity": "sha512-mmhOsC2Dphq+J18nJpkARPOZ3bpVMtv8Q+FKqFhvoGLgbelCgeb7/zM7HS4HAzsK5HGXqFA0t4QYFbqCCOc7Tw=="
    },
    "@shower/ribbon": {
      "version": "3.4.3",
      "resolved": "https://registry.npmjs.org/@shower/ribbon/-/ribbon-3.4.3.tgz",
      "integrity": "sha512-LE+s/i8xlI2Ek7aRNMXxEnWAro7lCC6lDAC6GJKrBRd9IayU6wGpGQDAUwKHDmCY0o4c5AqKE7UliQW0iMPhGw=="
    }
  }
}
